// !$*UTF8*$!
{
	archiveVersion = 1;
	classes = {
	};
	objectVersion = 50;
	objects = {

/* Begin PBXBuildFile section */
		AC58BCF022BBE93600E0DAEC /* AppDelegate.swift in Sources */ = {isa = PBXBuildFile; fileRef = AC58BCEF22BBE93500E0DAEC /* AppDelegate.swift */; };
		AC58BCF222BBE93600E0DAEC /* SceneDelegate.swift in Sources */ = {isa = PBXBuildFile; fileRef = AC58BCF122BBE93600E0DAEC /* SceneDelegate.swift */; };
		AC58BCF422BBE93600E0DAEC /* ViewController.swift in Sources */ = {isa = PBXBuildFile; fileRef = AC58BCF322BBE93600E0DAEC /* ViewController.swift */; };
		AC58BCF722BBE93600E0DAEC /* Main.storyboard in Resources */ = {isa = PBXBuildFile; fileRef = AC58BCF522BBE93600E0DAEC /* Main.storyboard */; };
		AC58BCF922BBE93800E0DAEC /* Assets.xcassets in Resources */ = {isa = PBXBuildFile; fileRef = AC58BCF822BBE93800E0DAEC /* Assets.xcassets */; };
		AC58BCFC22BBE93800E0DAEC /* LaunchScreen.storyboard in Resources */ = {isa = PBXBuildFile; fileRef = AC58BCFA22BBE93800E0DAEC /* LaunchScreen.storyboard */; };
		AC58BD0422BBEBCA00E0DAEC /* MyCollectionViewController.swift in Sources */ = {isa = PBXBuildFile; fileRef = AC58BD0322BBEBCA00E0DAEC /* MyCollectionViewController.swift */; };
/* End PBXBuildFile section */

/* Begin PBXFileReference section */
		AC58BCEC22BBE93500E0DAEC /* UICollectionViewStaticController.app */ = {isa = PBXFileReference; explicitFileType = wrapper.application; includeInIndex = 0; path = UICollectionViewStaticController.app; sourceTree = BUILT_PRODUCTS_DIR; };
		AC58BCEF22BBE93500E0DAEC /* AppDelegate.swift */ = {isa = PBXFileReference; lastKnownFileType = sourcecode.swift; path = AppDelegate.swift; sourceTree = "<group>"; };
		AC58BCF122BBE93600E0DAEC /* SceneDelegate.swift */ = {isa = PBXFileReference; lastKnownFileType = sourcecode.swift; path = SceneDelegate.swift; sourceTree = "<group>"; };
		AC58BCF322BBE93600E0DAEC /* ViewController.swift */ = {isa = PBXFileReference; lastKnownFileType = sourcecode.swift; path = ViewController.swift; sourceTree = "<group>"; };
		AC58BCF622BBE93600E0DAEC /* Base */ = {isa = PBXFileReference; lastKnownFileType = file.storyboard; name = Base; path = Base.lproj/Main.storyboard; sourceTree = "<group>"; };
		AC58BCF822BBE93800E0DAEC /* Assets.xcassets */ = {isa = PBXFileReference; lastKnownFileType = folder.assetcatalog; path = Assets.xcassets; sourceTree = "<group>"; };
		AC58BCFB22BBE93800E0DAEC /* Base */ = {isa = PBXFileReference; lastKnownFileType = file.storyboard; name = Base; path = Base.lproj/LaunchScreen.storyboard; sourceTree = "<group>"; };
		AC58BCFD22BBE93800E0DAEC /* Info.plist */ = {isa = PBXFileReference; lastKnownFileType = text.plist.xml; path = Info.plist; sourceTree = "<group>"; };
		AC58BD0322BBEBCA00E0DAEC /* MyCollectionViewController.swift */ = {isa = PBXFileReference; lastKnownFileType = sourcecode.swift; path = MyCollectionViewController.swift; sourceTree = "<group>"; };
/* End PBXFileReference section */

/* Begin PBXFrameworksBuildPhase section */
		AC58BCE922BBE93500E0DAEC /* Frameworks */ = {
			isa = PBXFrameworksBuildPhase;
			buildActionMask = 2147483647;
			files = (
			);
			runOnlyForDeploymentPostprocessing = 0;
		};
/* End PBXFrameworksBuildPhase section */

/* Begin PBXGroup section */
		AC58BCE322BBE93500E0DAEC = {
			isa = PBXGroup;
			children = (
				AC58BCEE22BBE93500E0DAEC /* UICollectionViewStaticController */,
				AC58BCED22BBE93500E0DAEC /* Products */,
			);
			sourceTree = "<group>";
		};
		AC58BCED22BBE93500E0DAEC /* Products */ = {
			isa = PBXGroup;
			children = (
				AC58BCEC22BBE93500E0DAEC /* UICollectionViewStaticController.app */,
			);
			name = Products;
			sourceTree = "<group>";
		};
		AC58BCEE22BBE93500E0DAEC /* UICollectionViewStaticController */ = {
			isa = PBXGroup;
			children = (
				AC58BCEF22BBE93500E0DAEC /* AppDelegate.swift */,
				AC58BCF122BBE93600E0DAEC /* SceneDelegate.swift */,
				AC58BCF322BBE93600E0DAEC /* ViewController.swift */,
				AC58BCF522BBE93600E0DAEC /* Main.storyboard */,
				AC58BD0322BBEBCA00E0DAEC /* MyCollectionViewController.swift */,
				AC58BCF822BBE93800E0DAEC /* Assets.xcassets */,
				AC58BCFA22BBE93800E0DAEC /* LaunchScreen.storyboard */,
				AC58BCFD22BBE93800E0DAEC /* Info.plist */,
			);
			path = UICollectionViewStaticController;
			sourceTree = "<group>";
		};
/* End PBXGroup section */

/* Begin PBXNativeTarget section */
		AC58BCEB22BBE93500E0DAEC /* UICollectionViewStaticController */ = {
			isa = PBXNativeTarget;
			buildConfigurationList = AC58BD0022BBE93800E0DAEC /* Build configuration list for PBXNativeTarget "UICollectionViewStaticController" */;
			buildPhases = (
				AC58BCE822BBE93500E0DAEC /* Sources */,
				AC58BCE922BBE93500E0DAEC /* Frameworks */,
				AC58BCEA22BBE93500E0DAEC /* Resources */,
			);
			buildRules = (
			);
			dependencies = (
			);
			name = UICollectionViewStaticController;
			productName = UICollectionViewStaticController;
			productReference = AC58BCEC22BBE93500E0DAEC /* UICollectionViewStaticController.app */;
			productType = "com.apple.product-type.application";
		};
/* End PBXNativeTarget section */

/* Begin PBXProject section */
		AC58BCE422BBE93500E0DAEC /* Project object */ = {
			isa = PBXProject;
			attributes = {
				LastSwiftUpdateCheck = 1100;
				LastUpgradeCheck = 1100;
				ORGANIZATIONNAME = "Артем";
				TargetAttributes = {
					AC58BCEB22BBE93500E0DAEC = {
						CreatedOnToolsVersion = 11.0;
					};
				};
			};
			buildConfigurationList = AC58BCE722BBE93500E0DAEC /* Build configuration list for PBXProject "UICollectionViewStaticController" */;
			compatibilityVersion = "Xcode 9.3";
			developmentRegion = en;
			hasScannedForEncodings = 0;
			knownRegions = (
				en,
				Base,
			);
			mainGroup = AC58BCE322BBE93500E0DAEC;
			productRefGroup = AC58BCED22BBE93500E0DAEC /* Products */;
			projectDirPath = "";
			projectRoot = "";
			targets = (
				AC58BCEB22BBE93500E0DAEC /* UICollectionViewStaticController */,
			);
		};
/* End PBXProject section */

/* Begin PBXResourcesBuildPhase section */
		AC58BCEA22BBE93500E0DAEC /* Resources */ = {
			isa = PBXResourcesBuildPhase;
			buildActionMask = 2147483647;
			files = (
				AC58BCFC22BBE93800E0DAEC /* LaunchScreen.storyboard in Resources */,
				AC58BCF922BBE93800E0DAEC /* Assets.xcassets in Resources */,
				AC58BCF722BBE93600E0DAEC /* Main.storyboard in Resources */,
			);
			runOnlyForDeploymentPostprocessing = 0;
		};
/* End PBXResourcesBuildPhase section */

/* Begin PBXSourcesBuildPhase section */
		AC58BCE822BBE93500E0DAEC /* Sources */ = {
			isa = PBXSourcesBuildPhase;
			buildActionMask = 2147483647;
			files = (
				AC58BD0422BBEBCA00E0DAEC /* MyCollectionViewController.swift in Sources */,
				AC58BCF422BBE93600E0DAEC /* ViewController.swift in Sources */,
				AC58BCF022BBE93600E0DAEC /* AppDelegate.swift in Sources */,
				AC58BCF222BBE93600E0DAEC /* SceneDelegate.swift in Sources */,
			);
			runOnlyForDeploymentPostprocessing = 0;
		};
/* End PBXSourcesBuildPhase section */

/* Begin PBXVariantGroup section */
		AC58BCF522BBE93600E0DAEC /* Main.storyboard */ = {
			isa = PBXVariantGroup;
			children = (
				AC58BCF622BBE93600E0DAEC /* Base */,
			);
			name = Main.storyboard;
			sourceTree = "<group>";
		};
		AC58BCFA22BBE93800E0DAEC /* LaunchScreen.storyboard */ = {
			isa = PBXVariantGroup;
			children = (
				AC58BCFB22BBE93800E0DAEC /* Base */,
			);
			name = LaunchScreen.storyboard;
			sourceTree = "<group>";
		};
/* End PBXVariantGroup section */

/* Begin XCBuildConfiguration section */
		AC58BCFE22BBE93800E0DAEC /* Debug */ = {
			isa = XCBuildConfiguration;
			buildSettings = {
				ALWAYS_SEARCH_USER_PATHS = NO;
				CLANG_ANALYZER_NONNULL = YES;
				CLANG_ANALYZER_NUMBER_OBJECT_CONVERSION = YES_AGGRESSIVE;
				CLANG_CXX_LANGUAGE_STANDARD = "gnu++14";
				CLANG_CXX_LIBRARY = "libc++";
				CLANG_ENABLE_MODULES = YES;
				CLANG_ENABLE_OBJC_ARC = YES;
				CLANG_ENABLE_OBJC_WEAK = YES;
				CLANG_WARN_BLOCK_CAPTURE_AUTORELEASING = YES;
				CLANG_WARN_BOOL_CONVERSION = YES;
				CLANG_WARN_COMMA = YES;
				CLANG_WARN_CONSTANT_CONVERSION = YES;
				CLANG_WARN_DEPRECATED_OBJC_IMPLEMENTATIONS = YES;
				CLANG_WARN_DIRECT_OBJC_ISA_USAGE = YES_ERROR;
				CLANG_WARN_DOCUMENTATION_COMMENTS = YES;
				CLANG_WARN_EMPTY_BODY = YES;
				CLANG_WARN_ENUM_CONVERSION = YES;
				CLANG_WARN_INFINITE_RECURSION = YES;
				CLANG_WARN_INT_CONVERSION = YES;
				CLANG_WARN_NON_LITERAL_NULL_CONVERSION = YES;
				CLANG_WARN_OBJC_IMPLICIT_RETAIN_SELF = YES;
				CLANG_WARN_OBJC_LITERAL_CONVERSION = YES;
				CLANG_WARN_OBJC_ROOT_CLASS = YES_ERROR;
				CLANG_WARN_RANGE_LOOP_ANALYSIS = YES;
				CLANG_WARN_STRICT_PROTOTYPES = YES;
				CLANG_WARN_SUSPICIOUS_MOVE = YES;
				CLANG_WARN_UNGUARDED_AVAILABILITY = YES_AGGRESSIVE;
				CLANG_WARN_UNREACHABLE_CODE = YES;
				CLANG_WARN__DUPLICATE_METHOD_MATCH = YES;
				COPY_PHASE_STRIP = NO;
				DEBUG_INFORMATION_FORMAT = dwarf;
				ENABLE_STRICT_OBJC_MSGSEND = YES;
				ENABLE_TESTABILITY = YES;
				GCC_C_LANGUAGE_STANDARD = gnu11;
				GCC_DYNAMIC_NO_PIC = NO;
				GCC_NO_COMMON_BLOCKS = YES;
				GCC_OPTIMIZATION_LEVEL = 0;
				GCC_PREPROCESSOR_DEFINITIONS = (
					"DEBUG=1",
					"$(inherited)",
				);
				GCC_WARN_64_TO_32_BIT_CONVERSION = YES;
				GCC_WARN_ABOUT_RETURN_TYPE = YES_ERROR;
				GCC_WARN_UNDECLARED_SELECTOR = YES;
				GCC_WARN_UNINITIALIZED_AUTOS = YES_AGGRESSIVE;
				GCC_WARN_UNUSED_FUNCTION = YES;
				GCC_WARN_UNUSED_VARIABLE = YES;
				IPHONEOS_DEPLOYMENT_TARGET = 13.0;
				MTL_ENABLE_DEBUG_INFO = INCLUDE_SOURCE;
				MTL_FAST_MATH = YES;
				ONLY_ACTIVE_ARCH = YES;
				SDKROOT = iphoneos;
				SWIFT_ACTIVE_COMPILATION_CONDITIONS = DEBUG;
				SWIFT_OPTIMIZATION_LEVEL = "-Onone";
			};
			name = Debug;
		};
		AC58BCFF22BBE93800E0DAEC /* Release */ = {
			isa = XCBuildConfiguration;
			buildSettings = {
				ALWAYS_SEARCH_USER_PATHS = NO;
				CLANG_ANALYZER_NONNULL = YES;
				CLANG_ANALYZER_NUMBER_OBJECT_CONVERSION = YES_AGGRESSIVE;
				CLANG_CXX_LANGUAGE_STANDARD = "gnu++14";
				CLANG_CXX_LIBRARY = "libc++";
				CLANG_ENABLE_MODULES = YES;
				CLANG_ENABLE_OBJC_ARC = YES;
				CLANG_ENABLE_OBJC_WEAK = YES;
				CLANG_WARN_BLOCK_CAPTURE_AUTORELEASING = YES;
				CLANG_WARN_BOOL_CONVERSION = YES;
				CLANG_WARN_COMMA = YES;
				CLANG_WARN_CONSTANT_CONVERSION = YES;
				CLANG_WARN_DEPRECATED_OBJC_IMPLEMENTATIONS = YES;
				CLANG_WARN_DIRECT_OBJC_ISA_USAGE = YES_ERROR;
				CLANG_WARN_DOCUMENTATION_COMMENTS = YES;
				CLANG_WARN_EMPTY_BODY = YES;
				CLANG_WARN_ENUM_CONVERSION = YES;
				CLANG_WARN_INFINITE_RECURSION = YES;
				CLANG_WARN_INT_CONVERSION = YES;
				CLANG_WARN_NON_LITERAL_NULL_CONVERSION = YES;
				CLANG_WARN_OBJC_IMPLICIT_RETAIN_SELF = YES;
				CLANG_WARN_OBJC_LITERAL_CONVERSION = YES;
				CLANG_WARN_OBJC_ROOT_CLASS = YES_ERROR;
				CLANG_WARN_RANGE_LOOP_ANALYSIS = YES;
				CLANG_WARN_STRICT_PROTOTYPES = YES;
				CLANG_WARN_SUSPICIOUS_MOVE = YES;
				CLANG_WARN_UNGUARDED_AVAILABILITY = YES_AGGRESSIVE;
				CLANG_WARN_UNREACHABLE_CODE = YES;
				CLANG_WARN__DUPLICATE_METHOD_MATCH = YES;
				COPY_PHASE_STRIP = NO;
				DEBUG_INFORMATION_FORMAT = "dwarf-with-dsym";
				ENABLE_NS_ASSERTIONS = NO;
				ENABLE_STRICT_OBJC_MSGSEND = YES;
				GCC_C_LANGUAGE_STANDARD = gnu11;
				GCC_NO_COMMON_BLOCKS = YES;
				GCC_WARN_64_TO_32_BIT_CONVERSION = YES;
				GCC_WARN_ABOUT_RETURN_TYPE = YES_ERROR;
				GCC_WARN_UNDECLARED_SELECTOR = YES;
				GCC_WARN_UNINITIALIZED_AUTOS = YES_AGGRESSIVE;
				GCC_WARN_UNUSED_FUNCTION = YES;
				GCC_WARN_UNUSED_VARIABLE = YES;
				IPHONEOS_DEPLOYMENT_TARGET = 13.0;
				MTL_ENABLE_DEBUG_INFO = NO;
				MTL_FAST_MATH = YES;
				SDKROOT = iphoneos;
				SWIFT_COMPILATION_MODE = wholemodule;
				SWIFT_OPTIMIZATION_LEVEL = "-O";
				VALIDATE_PRODUCT = YES;
			};
			name = Release;
		};
		AC58BD0122BBE93800E0DAEC /* Debug */ = {
			isa = XCBuildConfiguration;
			buildSettings = {
				ASSETCATALOG_COMPILER_APPICON_NAME = AppIcon;
				CODE_SIGN_STYLE = Automatic;
				DEVELOPMENT_TEAM = SP8ZAT56L5;
				INFOPLIST_FILE = UICollectionViewStaticController/Info.plist;
				LD_RUNPATH_SEARCH_PATHS = (
					"$(inherited)",
					"@executable_path/Frameworks",
				);
				PRODUCT_BUNDLE_IDENTIFIER = Art.UICollectionViewStaticController;
				PRODUCT_NAME = "$(TARGET_NAME)";
				SWIFT_VERSION = 5.0;
				TARGETED_DEVICE_FAMILY = "1,2";
			};
			name = Debug;
		};
		AC58BD0222BBE93800E0DAEC /* Release */ = {
			isa = XCBuildConfiguration;
			buildSettings = {
				ASSETCATALOG_COMPILER_APPICON_NAME = AppIcon;
				CODE_SIGN_STYLE = Automatic;
				DEVELOPMENT_TEAM = SP8ZAT56L5;
				INFOPLIST_FILE = UICollectionViewStaticController/Info.plist;
				LD_RUNPATH_SEARCH_PATHS = (
					"$(inherited)",
					"@executable_path/Frameworks",
				);
				PRODUCT_BUNDLE_IDENTIFIER = Art.UICollectionViewStaticController;
				PRODUCT_NAME = "$(TARGET_NAME)";
				SWIFT_VERSION = 5.0;
				TARGETED_DEVICE_FAMILY = "1,2";
			};
			name = Release;
		};
/* End XCBuildConfiguration section */

/* Begin XCConfigurationList section */
		AC58BCE722BBE93500E0DAEC /* Build configuration list for PBXProject "UICollectionViewStaticController" */ = {
			isa = XCConfigurationList;
			buildConfigurations = (
				AC58BCFE22BBE93800E0DAEC /* Debug */,
				AC58BCFF22BBE93800E0DAEC /* Release */,
			);
			defaultConfigurationIsVisible = 0;
			defaultConfigurationName = Release;
		};
		AC58BD0022BBE93800E0DAEC /* Build configuration list for PBXNativeTarget "UICollectionViewStaticController" */ = {
			isa = XCConfigurationList;
			buildConfigurations = (
				AC58BD0122BBE93800E0DAEC /* Debug */,
				AC58BD0222BBE93800E0DAEC /* Release */,
			);
			defaultConfigurationIsVisible = 0;
			defaultConfigurationName = Release;
		};
/* End XCConfigurationList section */
	};
	rootObject = AC58BCE422BBE93500E0DAEC /* Project object */;
}
